{
  "name": "client",
  "version": "1.0.0",
  "lockfileVersion": 2,
  "requires": true,
  "packages": {
    "": {
      "name": "client",
      "version": "1.0.0",
      "license": "ISC",
      "dependencies": {
        "ice": "^3.7.90"
      }
    },
    "node_modules/ice": {
      "version": "3.7.90",
      "resolved": "https://registry.npmjs.org/ice/-/ice-3.7.90.tgz",
      "integrity": "sha512-rQdo9wgiEwgIGUSVyyhEOsj2AGUjv4w2UtO5j0/RQBS+ycsplSm39rh7QW//hbvSvn1vbiUuZ4eK0JsnQseewQ==",
      "engines": {
        "node": ">=0.10.0"
      }
    }
  },
  "dependencies": {
    "ice": {
      "version": "3.7.90",
      "resolved": "https://registry.npmjs.org/ice/-/ice-3.7.90.tgz",
      "integrity": "sha512-rQdo9wgiEwgIGUSVyyhEOsj2AGUjv4w2UtO5j0/RQBS+ycsplSm39rh7QW//hbvSvn1vbiUuZ4eK0JsnQseewQ=="
    }
  }
}
